
Microsoft Visual Studio Solution File, Format Version 12.00
# Visual Studio Version 17
Project("{2150E333-8FDC-42A3-9474-1A3956D46DE8}") = "src", "src", "{1D000000-0000-0000-0000-000000000001}"
EndProject
Project("{2150E333-8FDC-42A3-9474-1A3956D46DE8}") = "tests", "tests", "{1D000000-0000-0000-0000-000000000002}"
EndProject
Project("{FAE04EC0-301F-11D3-BF4B-00C04F79EFBC}") = "RadiologyPlus.Core", "src\RadiologyPlus.Core\RadiologyPlus.Core.csproj", "{C0000000-0000-0000-0000-000000000001}"
EndProject
Project("{FAE04EC0-301F-11D3-BF4B-00C04F79EFBC}") = "RadiologyPlus.Common", "src\RadiologyPlus.Common\RadiologyPlus.Common.csproj", "{C0000000-0000-0000-0000-000000000002}"
EndProject
Project("{FAE04EC0-301F-11D3-BF4B-00C04F79EFBC}") = "RadiologyPlus.Data", "src\RadiologyPlus.Data\RadiologyPlus.Data.csproj", "{C0000000-0000-0000-0000-000000000003}"
EndProject
Project("{FAE04EC0-301F-11D3-BF4B-00C04F79EFBC}") = "RadiologyPlus.Scripting", "src\RadiologyPlus.Scripting\RadiologyPlus.Scripting.csproj", "{C0000000-0000-0000-0000-000000000004}"
EndProject
Project("{FAE04EC0-301F-11D3-BF4B-00C04F79EFBC}") = "RadiologyPlus.Notifications", "src\RadiologyPlus.Notifications\RadiologyPlus.Notifications.csproj", "{C0000000-0000-0000-0000-000000000005}"
EndProject
Project("{FAE04EC0-301F-11D3-BF4B-00C04F79EFBC}") = "RadiologyPlus.API", "src\RadiologyPlus.API\RadiologyPlus.API.csproj", "{C0000000-0000-0000-0000-000000000006}"
EndProject
Project("{FAE04EC0-301F-11D3-BF4B-00C04F79EFBC}") = "RadiologyPlus.Service", "src\RadiologyPlus.Service\RadiologyPlus.Service.csproj", "{C0000000-0000-0000-0000-000000000007}"
EndProject
Project("{FAE04EC0-301F-11D3-BF4B-00C04F79EFBC}") = "RadiologyPlus.Migrator", "src\RadiologyPlus.Migrator\RadiologyPlus.Migrator.csproj", "{C0000000-0000-0000-0000-000000000008}"
EndProject
Project("{FAE04EC0-301F-11D3-BF4B-00C04F79EFBC}") = "RadiologyPlus.NovaradAuth", "src\RadiologyPlus.NovaradAuth\RadiologyPlus.NovaradAuth.csproj", "{C0000000-0000-0000-0000-000000000009}"
EndProject
Project("{FAE04EC0-301F-11D3-BF4B-00C04F79EFBC}") = "RadiologyPlus.NovaradAuth.Tests", "tests\RadiologyPlus.NovaradAuth.Tests\RadiologyPlus.NovaradAuth.Tests.csproj", "{C0000000-0000-0000-0000-00000000000A}"
EndProject
Project("{FAE04EC0-301F-11D3-BF4B-00C04F79EFBC}") = "RadiologyPlus.WebShared", "src\RadiologyPlus.WebShared\RadiologyPlus.WebShared.csproj", "{F495D046-B42F-496F-A9F7-96621DA42120}"
EndProject
Project("{FAE04EC0-301F-11D3-BF4B-00C04F79EFBC}") = "RadiologyPlus.AdminApi", "src\RadiologyPlus.AdminApi\RadiologyPlus.AdminApi.csproj", "{0D9603D9-0A9E-4629-AAE4-386C469BF9AE}"
EndProject
Project("{FAE04EC0-301F-11D3-BF4B-00C04F79EFBC}") = "RadiologyPlus.AdminService", "src\RadiologyPlus.AdminService\RadiologyPlus.AdminService.csproj", "{065BFEB7-AE86-4880-9E78-BEC3C51C011D}"
EndProject
Global
	GlobalSection(SolutionConfigurationPlatforms) = preSolution
		Debug|Any CPU = Debug|Any CPU
		Debug|x64 = Debug|x64
		Debug|x86 = Debug|x86
		Release|Any CPU = Release|Any CPU
		Release|x64 = Release|x64
		Release|x86 = Release|x86
	EndGlobalSection
	GlobalSection(ProjectConfigurationPlatforms) = postSolution
		{C0000000-0000-0000-0000-000000000001}.Debug|Any CPU.ActiveCfg = Debug|Any CPU
		{C0000000-0000-0000-0000-000000000001}.Debug|Any CPU.Build.0 = Debug|Any CPU
		{C0000000-0000-0000-0000-000000000001}.Debug|x64.ActiveCfg = Debug|Any CPU
		{C0000000-0000-0000-0000-000000000001}.Debug|x64.Build.0 = Debug|Any CPU
		{C0000000-0000-0000-0000-000000000001}.Debug|x86.ActiveCfg = Debug|Any CPU
		{C0000000-0000-0000-0000-000000000001}.Debug|x86.Build.0 = Debug|Any CPU
		{C0000000-0000-0000-0000-000000000001}.Release|Any CPU.ActiveCfg = Release|Any CPU
		{C0000000-0000-0000-0000-000000000001}.Release|Any CPU.Build.0 = Release|Any CPU
		{C0000000-0000-0000-0000-000000000001}.Release|x64.ActiveCfg = Release|Any CPU
		{C0000000-0000-0000-0000-000000000001}.Release|x64.Build.0 = Release|Any CPU
		{C0000000-0000-0000-0000-000000000001}.Release|x86.ActiveCfg = Release|Any CPU
		{C0000000-0000-0000-0000-000000000001}.Release|x86.Build.0 = Release|Any CPU
		{C0000000-0000-0000-0000-000000000002}.Debug|Any CPU.ActiveCfg = Debug|Any CPU
		{C0000000-0000-0000-0000-000000000002}.Debug|Any CPU.Build.0 = Debug|Any CPU
		{C0000000-0000-0000-0000-000000000002}.Debug|x64.ActiveCfg = Debug|Any CPU
		{C0000000-0000-0000-0000-000000000002}.Debug|x64.Build.0 = Debug|Any CPU
		{C0000000-0000-0000-0000-000000000002}.Debug|x86.ActiveCfg = Debug|Any CPU
		{C0000000-0000-0000-0000-000000000002}.Debug|x86.Build.0 = Debug|Any CPU
		{C0000000-0000-0000-0000-000000000002}.Release|Any CPU.ActiveCfg = Release|Any CPU
		{C0000000-0000-0000-0000-000000000002}.Release|Any CPU.Build.0 = Release|Any CPU
		{C0000000-0000-0000-0000-000000000002}.Release|x64.ActiveCfg = Release|Any CPU
		{C0000000-0000-0000-0000-000000000002}.Release|x64.Build.0 = Release|Any CPU
		{C0000000-0000-0000-0000-000000000002}.Release|x86.ActiveCfg = Release|Any CPU
		{C0000000-0000-0000-0000-000000000002}.Release|x86.Build.0 = Release|Any CPU
		{C0000000-0000-0000-0000-000000000003}.Debug|Any CPU.ActiveCfg = Debug|Any CPU
		{C0000000-0000-0000-0000-000000000003}.Debug|Any CPU.Build.0 = Debug|Any CPU
		{C0000000-0000-0000-0000-000000000003}.Debug|x64.ActiveCfg = Debug|Any CPU
		{C0000000-0000-0000-0000-000000000003}.Debug|x64.Build.0 = Debug|Any CPU
		{C0000000-0000-0000-0000-000000000003}.Debug|x86.ActiveCfg = Debug|Any CPU
		{C0000000-0000-0000-0000-000000000003}.Debug|x86.Build.0 = Debug|Any CPU
		{C0000000-0000-0000-0000-000000000003}.Release|Any CPU.ActiveCfg = Release|Any CPU
		{C0000000-0000-0000-0000-000000000003}.Release|Any CPU.Build.0 = Release|Any CPU
		{C0000000-0000-0000-0000-000000000003}.Release|x64.ActiveCfg = Release|Any CPU
		{C0000000-0000-0000-0000-000000000003}.Release|x64.Build.0 = Release|Any CPU
		{C0000000-0000-0000-0000-000000000003}.Release|x86.ActiveCfg = Release|Any CPU
		{C0000000-0000-0000-0000-000000000003}.Release|x86.Build.0 = Release|Any CPU
		{C0000000-0000-0000-0000-000000000004}.Debug|Any CPU.ActiveCfg = Debug|Any CPU
		{C0000000-0000-0000-0000-000000000004}.Debug|Any CPU.Build.0 = Debug|Any CPU
		{C0000000-0000-0000-0000-000000000004}.Debug|x64.ActiveCfg = Debug|Any CPU
		{C0000000-0000-0000-0000-000000000004}.Debug|x64.Build.0 = Debug|Any CPU
		{C0000000-0000-0000-0000-000000000004}.Debug|x86.ActiveCfg = Debug|Any CPU
		{C0000000-0000-0000-0000-000000000004}.Debug|x86.Build.0 = Debug|Any CPU
		{C0000000-0000-0000-0000-000000000004}.Release|Any CPU.ActiveCfg = Release|Any CPU
		{C0000000-0000-0000-0000-000000000004}.Release|Any CPU.Build.0 = Release|Any CPU
		{C0000000-0000-0000-0000-000000000004}.Release|x64.ActiveCfg = Release|Any CPU
		{C0000000-0000-0000-0000-000000000004}.Release|x64.Build.0 = Release|Any CPU
		{C0000000-0000-0000-0000-000000000004}.Release|x86.ActiveCfg = Release|Any CPU
		{C0000000-0000-0000-0000-000000000004}.Release|x86.Build.0 = Release|Any CPU
		{C0000000-0000-0000-0000-000000000005}.Debug|Any CPU.ActiveCfg = Debug|Any CPU
		{C0000000-0000-0000-0000-000000000005}.Debug|Any CPU.Build.0 = Debug|Any CPU
		{C0000000-0000-0000-0000-000000000005}.Debug|x64.ActiveCfg = Debug|Any CPU
		{C0000000-0000-0000-0000-000000000005}.Debug|x64.Build.0 = Debug|Any CPU
		{C0000000-0000-0000-0000-000000000005}.Debug|x86.ActiveCfg = Debug|Any CPU
		{C0000000-0000-0000-0000-000000000005}.Debug|x86.Build.0 = Debug|Any CPU
		{C0000000-0000-0000-0000-000000000005}.Release|Any CPU.ActiveCfg = Release|Any CPU
		{C0000000-0000-0000-0000-000000000005}.Release|Any CPU.Build.0 = Release|Any CPU
		{C0000000-0000-0000-0000-000000000005}.Release|x64.ActiveCfg = Release|Any CPU
		{C0000000-0000-0000-0000-000000000005}.Release|x64.Build.0 = Release|Any CPU
		{C0000000-0000-0000-0000-000000000005}.Release|x86.ActiveCfg = Release|Any CPU
		{C0000000-0000-0000-0000-000000000005}.Release|x86.Build.0 = Release|Any CPU
		{C0000000-0000-0000-0000-000000000006}.Debug|Any CPU.ActiveCfg = Debug|Any CPU
		{C0000000-0000-0000-0000-000000000006}.Debug|Any CPU.Build.0 = Debug|Any CPU
		{C0000000-0000-0000-0000-000000000006}.Debug|x64.ActiveCfg = Debug|Any CPU
		{C0000000-0000-0000-0000-000000000006}.Debug|x64.Build.0 = Debug|Any CPU
		{C0000000-0000-0000-0000-000000000006}.Debug|x86.ActiveCfg = Debug|Any CPU
		{C0000000-0000-0000-0000-000000000006}.Debug|x86.Build.0 = Debug|Any CPU
		{C0000000-0000-0000-0000-000000000006}.Release|Any CPU.ActiveCfg = Release|Any CPU
		{C0000000-0000-0000-0000-000000000006}.Release|Any CPU.Build.0 = Release|Any CPU
		{C0000000-0000-0000-0000-000000000006}.Release|x64.ActiveCfg = Release|Any CPU
		{C0000000-0000-0000-0000-000000000006}.Release|x64.Build.0 = Release|Any CPU
		{C0000000-0000-0000-0000-000000000006}.Release|x86.ActiveCfg = Release|Any CPU
		{C0000000-0000-0000-0000-000000000006}.Release|x86.Build.0 = Release|Any CPU
		{C0000000-0000-0000-0000-000000000007}.Debug|Any CPU.ActiveCfg = Debug|Any CPU
		{C0000000-0000-0000-0000-000000000007}.Debug|Any CPU.Build.0 = Debug|Any CPU
		{C0000000-0000-0000-0000-000000000007}.Debug|x64.ActiveCfg = Debug|Any CPU
		{C0000000-0000-0000-0000-000000000007}.Debug|x64.Build.0 = Debug|Any CPU
		{C0000000-0000-0000-0000-000000000007}.Debug|x86.ActiveCfg = Debug|Any CPU
		{C0000000-0000-0000-0000-000000000007}.Debug|x86.Build.0 = Debug|Any CPU
		{C0000000-0000-0000-0000-000000000007}.Release|Any CPU.ActiveCfg = Release|Any CPU
		{C0000000-0000-0000-0000-000000000007}.Release|Any CPU.Build.0 = Release|Any CPU
		{C0000000-0000-0000-0000-000000000007}.Release|x64.ActiveCfg = Release|Any CPU
		{C0000000-0000-0000-0000-000000000007}.Release|x64.Build.0 = Release|Any CPU
		{C0000000-0000-0000-0000-000000000007}.Release|x86.ActiveCfg = Release|Any CPU
		{C0000000-0000-0000-0000-000000000007}.Release|x86.Build.0 = Release|Any CPU
		{C0000000-0000-0000-0000-000000000008}.Debug|Any CPU.ActiveCfg = Debug|Any CPU
		{C0000000-0000-0000-0000-000000000008}.Debug|Any CPU.Build.0 = Debug|Any CPU
		{C0000000-0000-0000-0000-000000000008}.Debug|x64.ActiveCfg = Debug|Any CPU
		{C0000000-0000-0000-0000-000000000008}.Debug|x64.Build.0 = Debug|Any CPU
		{C0000000-0000-0000-0000-000000000008}.Debug|x86.ActiveCfg = Debug|Any CPU
		{C0000000-0000-0000-0000-000000000008}.Debug|x86.Build.0 = Debug|Any CPU
		{C0000000-0000-0000-0000-000000000008}.Release|Any CPU.ActiveCfg = Release|Any CPU
		{C0000000-0000-0000-0000-000000000008}.Release|Any CPU.Build.0 = Release|Any CPU
		{C0000000-0000-0000-0000-000000000008}.Release|x64.ActiveCfg = Release|Any CPU
		{C0000000-0000-0000-0000-000000000008}.Release|x64.Build.0 = Release|Any CPU
		{C0000000-0000-0000-0000-000000000008}.Release|x86.ActiveCfg = Release|Any CPU
		{C0000000-0000-0000-0000-000000000008}.Release|x86.Build.0 = Release|Any CPU
		{C0000000-0000-0000-0000-000000000009}.Debug|Any CPU.ActiveCfg = Debug|Any CPU
		{C0000000-0000-0000-0000-000000000009}.Debug|Any CPU.Build.0 = Debug|Any CPU
		{C0000000-0000-0000-0000-000000000009}.Debug|x64.ActiveCfg = Debug|Any CPU
		{C0000000-0000-0000-0000-000000000009}.Debug|x64.Build.0 = Debug|Any CPU
		{C0000000-0000-0000-0000-000000000009}.Debug|x86.ActiveCfg = Debug|Any CPU
		{C0000000-0000-0000-0000-000000000009}.Debug|x86.Build.0 = Debug|Any CPU
		{C0000000-0000-0000-0000-000000000009}.Release|Any CPU.ActiveCfg = Release|Any CPU
		{C0000000-0000-0000-0000-000000000009}.Release|Any CPU.Build.0 = Release|Any CPU
		{C0000000-0000-0000-0000-000000000009}.Release|x64.ActiveCfg = Release|Any CPU
		{C0000000-0000-0000-0000-000000000009}.Release|x64.Build.0 = Release|Any CPU
		{C0000000-0000-0000-0000-000000000009}.Release|x86.ActiveCfg = Release|Any CPU
		{C0000000-0000-0000-0000-000000000009}.Release|x86.Build.0 = Release|Any CPU
		{C0000000-0000-0000-0000-00000000000A}.Debug|Any CPU.ActiveCfg = Debug|Any CPU
		{C0000000-0000-0000-0000-00000000000A}.Debug|Any CPU.Build.0 = Debug|Any CPU
		{C0000000-0000-0000-0000-00000000000A}.Debug|x64.ActiveCfg = Debug|Any CPU
		{C0000000-0000-0000-0000-00000000000A}.Debug|x64.Build.0 = Debug|Any CPU
		{C0000000-0000-0000-0000-00000000000A}.Debug|x86.ActiveCfg = Debug|Any CPU
		{C0000000-0000-0000-0000-00000000000A}.Debug|x86.Build.0 = Debug|Any CPU
		{C0000000-0000-0000-0000-00000000000A}.Release|Any CPU.ActiveCfg = Release|Any CPU
		{C0000000-0000-0000-0000-00000000000A}.Release|Any CPU.Build.0 = Release|Any CPU
		{C0000000-0000-0000-0000-00000000000A}.Release|x64.ActiveCfg = Release|Any CPU
		{C0000000-0000-0000-0000-00000000000A}.Release|x64.Build.0 = Release|Any CPU
		{C0000000-0000-0000-0000-00000000000A}.Release|x86.ActiveCfg = Release|Any CPU
		{C0000000-0000-0000-0000-00000000000A}.Release|x86.Build.0 = Release|Any CPU
		{F495D046-B42F-496F-A9F7-96621DA42120}.Debug|Any CPU.ActiveCfg = Debug|Any CPU
		{F495D046-B42F-496F-A9F7-96621DA42120}.Debug|Any CPU.Build.0 = Debug|Any CPU
		{F495D046-B42F-496F-A9F7-96621DA42120}.Debug|x64.ActiveCfg = Debug|Any CPU
		{F495D046-B42F-496F-A9F7-96621DA42120}.Debug|x64.Build.0 = Debug|Any CPU
		{F495D046-B42F-496F-A9F7-96621DA42120}.Debug|x86.ActiveCfg = Debug|Any CPU
		{F495D046-B42F-496F-A9F7-96621DA42120}.Debug|x86.Build.0 = Debug|Any CPU
		{F495D046-B42F-496F-A9F7-96621DA42120}.Release|Any CPU.ActiveCfg = Release|Any CPU
		{F495D046-B42F-496F-A9F7-96621DA42120}.Release|Any CPU.Build.0 = Release|Any CPU
		{F495D046-B42F-496F-A9F7-96621DA42120}.Release|x64.ActiveCfg = Release|Any CPU
		{F495D046-B42F-496F-A9F7-96621DA42120}.Release|x64.Build.0 = Release|Any CPU
		{F495D046-B42F-496F-A9F7-96621DA42120}.Release|x86.ActiveCfg = Release|Any CPU
		{F495D046-B42F-496F-A9F7-96621DA42120}.Release|x86.Build.0 = Release|Any CPU
		{0D9603D9-0A9E-4629-AAE4-386C469BF9AE}.Debug|Any CPU.ActiveCfg = Debug|Any CPU
		{0D9603D9-0A9E-4629-AAE4-386C469BF9AE}.Debug|Any CPU.Build.0 = Debug|Any CPU
		{0D9603D9-0A9E-4629-AAE4-386C469BF9AE}.Debug|x64.ActiveCfg = Debug|Any CPU
		{0D9603D9-0A9E-4629-AAE4-386C469BF9AE}.Debug|x64.Build.0 = Debug|Any CPU
		{0D9603D9-0A9E-4629-AAE4-386C469BF9AE}.Debug|x86.ActiveCfg = Debug|Any CPU
		{0D9603D9-0A9E-4629-AAE4-386C469BF9AE}.Debug|x86.Build.0 = Debug|Any CPU
		{0D9603D9-0A9E-4629-AAE4-386C469BF9AE}.Release|Any CPU.ActiveCfg = Release|Any CPU
		{0D9603D9-0A9E-4629-AAE4-386C469BF9AE}.Release|Any CPU.Build.0 = Release|Any CPU
		{0D9603D9-0A9E-4629-AAE4-386C469BF9AE}.Release|x64.ActiveCfg = Release|Any CPU
		{0D9603D9-0A9E-4629-AAE4-386C469BF9AE}.Release|x64.Build.0 = Release|Any CPU
		{0D9603D9-0A9E-4629-AAE4-386C469BF9AE}.Release|x86.ActiveCfg = Release|Any CPU
		{0D9603D9-0A9E-4629-AAE4-386C469BF9AE}.Release|x86.Build.0 = Release|Any CPU
		{065BFEB7-AE86-4880-9E78-BEC3C51C011D}.Debug|Any CPU.ActiveCfg = Debug|Any CPU
		{065BFEB7-AE86-4880-9E78-BEC3C51C011D}.Debug|Any CPU.Build.0 = Debug|Any CPU
		{065BFEB7-AE86-4880-9E78-BEC3C51C011D}.Debug|x64.ActiveCfg = Debug|Any CPU
		{065BFEB7-AE86-4880-9E78-BEC3C51C011D}.Debug|x64.Build.0 = Debug|Any CPU
		{065BFEB7-AE86-4880-9E78-BEC3C51C011D}.Debug|x86.ActiveCfg = Debug|Any CPU
		{065BFEB7-AE86-4880-9E78-BEC3C51C011D}.Debug|x86.Build.0 = Debug|Any CPU
		{065BFEB7-AE86-4880-9E78-BEC3C51C011D}.Release|Any CPU.ActiveCfg = Release|Any CPU
		{065BFEB7-AE86-4880-9E78-BEC3C51C011D}.Release|Any CPU.Build.0 = Release|Any CPU
		{065BFEB7-AE86-4880-9E78-BEC3C51C011D}.Release|x64.ActiveCfg = Release|Any CPU
		{065BFEB7-AE86-4880-9E78-BEC3C51C011D}.Release|x64.Build.0 = Release|Any CPU
		{065BFEB7-AE86-4880-9E78-BEC3C51C011D}.Release|x86.ActiveCfg = Release|Any CPU
		{065BFEB7-AE86-4880-9E78-BEC3C51C011D}.Release|x86.Build.0 = Release|Any CPU
	EndGlobalSection
	GlobalSection(SolutionProperties) = preSolution
		HideSolutionNode = FALSE
	EndGlobalSection
	GlobalSection(NestedProjects) = preSolution
		{C0000000-0000-0000-0000-000000000001} = {1D000000-0000-0000-0000-000000000001}
		{C0000000-0000-0000-0000-000000000002} = {1D000000-0000-0000-0000-000000000001}
		{C0000000-0000-0000-0000-000000000003} = {1D000000-0000-0000-0000-000000000001}
		{C0000000-0000-0000-0000-000000000004} = {1D000000-0000-0000-0000-000000000001}
		{C0000000-0000-0000-0000-000000000005} = {1D000000-0000-0000-0000-000000000001}
		{C0000000-0000-0000-0000-000000000006} = {1D000000-0000-0000-0000-000000000001}
		{C0000000-0000-0000-0000-000000000007} = {1D000000-0000-0000-0000-000000000001}
		{C0000000-0000-0000-0000-000000000008} = {1D000000-0000-0000-0000-000000000001}
		{C0000000-0000-0000-0000-000000000009} = {1D000000-0000-0000-0000-000000000001}
		{C0000000-0000-0000-0000-00000000000A} = {1D000000-0000-0000-0000-000000000002}
		{F495D046-B42F-496F-A9F7-96621DA42120} = {1D000000-0000-0000-0000-000000000001}
		{0D9603D9-0A9E-4629-AAE4-386C469BF9AE} = {1D000000-0000-0000-0000-000000000001}
		{065BFEB7-AE86-4880-9E78-BEC3C51C011D} = {1D000000-0000-0000-0000-000000000001}
	EndGlobalSection
EndGlobal
